
Microsoft Visual Studio Solution File, Format Version 12.00
# Visual Studio 15
VisualStudioVersion = 15.0.27703.2026
MinimumVisualStudioVersion = 10.0.40219.1
Project("{FAE04EC0-301F-11D3-BF4B-00C04F79EFBC}") = "CustomizedTrips", "CustomizedTrips\CustomizedTrips.csproj", "{729F7AA0-0CC1-4F75-B95B-10A3710A9989}"
EndProject
Global
	GlobalSection(SolutionConfigurationPlatforms) = preSolution
		Debug|Any CPU = Debug|Any CPU
		Release|Any CPU = Release|Any CPU
	EndGlobalSection
	GlobalSection(ProjectConfigurationPlatforms) = postSolution
		{729F7AA0-0CC1-4F75-B95B-10A3710A9989}.Debug|Any CPU.ActiveCfg = Debug|Any CPU
		{729F7AA0-0CC1-4F75-B95B-10A3710A9989}.Debug|Any CPU.Build.0 = Debug|Any CPU
		{729F7AA0-0CC1-4F75-B95B-10A3710A9989}.Release|Any CPU.ActiveCfg = Release|Any CPU
		{729F7AA0-0CC1-4F75-B95B-10A3710A9989}.Release|Any CPU.Build.0 = Release|Any CPU
	EndGlobalSection
	GlobalSection(SolutionProperties) = preSolution
		HideSolutionNode = FALSE
	EndGlobalSection
	GlobalSection(ExtensibilityGlobals) = postSolution
		SolutionGuid = {7A9DC2B6-57A9-4017-91F7-75FBDA771C4F}
	EndGlobalSection
EndGlobal
